
Microsoft Visual Studio Solution File, Format Version 12.00
# Visual Studio 14
VisualStudioVersion = 14.0.25420.1
MinimumVisualStudioVersion = 10.0.40219.1
Project("{FAE04EC0-301F-11D3-BF4B-00C04F79EFBC}") = "Servis_Giris", "Servis_Giris\Servis_Giris.csproj", "{29B8D564-8321-4CF0-B8BD-2C1398D18648}"
	ProjectSection(ProjectDependencies) = postProject
		{C16BB2E8-F5E1-44D2-AFE3-8E7DEE5D2EC4} = {C16BB2E8-F5E1-44D2-AFE3-8E7DEE5D2EC4}
	EndProjectSection
EndProject
Project("{FAE04EC0-301F-11D3-BF4B-00C04F79EFBC}") = "WebServis", "WebServis\WebServis.csproj", "{C16BB2E8-F5E1-44D2-AFE3-8E7DEE5D2EC4}"
EndProject
Global
	GlobalSection(SolutionConfigurationPlatforms) = preSolution
		Debug|Any CPU = Debug|Any CPU
		Release|Any CPU = Release|Any CPU
	EndGlobalSection
	GlobalSection(ProjectConfigurationPlatforms) = postSolution
		{29B8D564-8321-4CF0-B8BD-2C1398D18648}.Debug|Any CPU.ActiveCfg = Debug|Any CPU
		{29B8D564-8321-4CF0-B8BD-2C1398D18648}.Debug|Any CPU.Build.0 = Debug|Any CPU
		{29B8D564-8321-4CF0-B8BD-2C1398D18648}.Release|Any CPU.ActiveCfg = Release|Any CPU
		{29B8D564-8321-4CF0-B8BD-2C1398D18648}.Release|Any CPU.Build.0 = Release|Any CPU
		{C16BB2E8-F5E1-44D2-AFE3-8E7DEE5D2EC4}.Debug|Any CPU.ActiveCfg = Debug|Any CPU
		{C16BB2E8-F5E1-44D2-AFE3-8E7DEE5D2EC4}.Debug|Any CPU.Build.0 = Debug|Any CPU
		{C16BB2E8-F5E1-44D2-AFE3-8E7DEE5D2EC4}.Release|Any CPU.ActiveCfg = Release|Any CPU
		{C16BB2E8-F5E1-44D2-AFE3-8E7DEE5D2EC4}.Release|Any CPU.Build.0 = Release|Any CPU
	EndGlobalSection
	GlobalSection(SolutionProperties) = preSolution
		HideSolutionNode = FALSE
	EndGlobalSection
EndGlobal
